{
    "_readme": [
        "This file locks the dependencies of your project to a known state",
        "Read more about it at https://getcomposer.org/doc/01-basic-usage.md#composer-lock-the-lock-file",
        "This file is @generated automatically"
    ],
    "hash": "f93b3348fc7b30ee3df3aca14c2a2614",
    "content-hash": "5100ab0ae1e0fc02b4831d53a1a4131a",
    "packages": [
        {
            "name": "hugsbrugs/php-string",
            "version": "1.0",
            "source": {
                "type": "git",
                "url": "https://github.com/hugsbrugs/php-string.git",
                "reference": "df8316987b212934bb287f29cb01d59a6e5c6ed0"
            },
            "dist": {
                "type": "zip",
                "url": "https://api.github.com/repos/hugsbrugs/php-string/zipball/df8316987b212934bb287f29cb01d59a6e5c6ed0",
                "reference": "df8316987b212934bb287f29cb01d59a6e5c6ed0",
                "shasum": ""
            },
            "require-dev": {
                "phpunit/phpunit": "^6.0",
                "satooshi/php-coveralls": "dev-master"
            },
            "type": "library",
            "autoload": {
                "psr-4": {
                    "Hug\\": "src/Hug/"
                }
            },
            "notification-url": "https://packagist.org/downloads/",
            "authors": [
                {
                    "name": "Hugo Maugey",
                    "email": "hugo@maugey.fr",
                    "homepage": "https://hugo.maugey.fr",
                    "role": "Developer"
                }
            ],
            "description": "PHP String Utilities",
            "time": "2017-03-15 21:07:58"
        }
    ],
    "packages-dev": [],
    "aliases": [],
    "minimum-stability": "stable",
    "stability-flags": [],
    "prefer-stable": false,
    "prefer-lowest": false,
    "platform": [],
    "platform-dev": []
}
